# THIS IS AN AUTOGENERATED FILE. DO NOT EDIT THIS FILE DIRECTLY.
# yarn lockfile v1


"@sapphire/prettier-config@^1.4.2":
  version "1.4.5"
  resolved "https://registry.yarnpkg.com/@sapphire/prettier-config/-/prettier-config-1.4.5.tgz#9b74035193fd69a4eeeb3cc437d5b41978f0a868"
  integrity sha512-XFyDXwztGmP7CJo1BMjmBZaX4aLyMPceZX4rQU9WsODnkJBTpAEIPjmioFUHlnLsu+yty0r5635Ye3eIcr1x0A==
  dependencies:
    prettier "^2.8.2"

prettier@^2.6.2, prettier@^2.8.2:
  version "2.8.8"
  resolved "https://registry.yarnpkg.com/prettier/-/prettier-2.8.8.tgz#e8c5d7e98a4305ffe3de2e1fc4aca1a71c28b1da"
  integrity sha512-tdN8qQGvNjw4CHbY+XXk0JgCXn9QiF21a55rBe5LJAU+kDyC4WQn4+awm2Xfk2lQMk5fKup9XgzTZtGkjBdP9Q==
